// !$*UTF8*$!
{
	archiveVersion = 1;
	classes = {
	};
	objectVersion = 55;
	objects = {

/* Begin PBXBuildFile section */
		44DE1C10281C03FB0054E9A5 /* AppDelegate.swift in Sources */ = {isa = PBXBuildFile; fileRef = 44DE1C0F281C03FB0054E9A5 /* AppDelegate.swift */; };
		44DE1C12281C03FB0054E9A5 /* SceneDelegate.swift in Sources */ = {isa = PBXBuildFile; fileRef = 44DE1C11281C03FB0054E9A5 /* SceneDelegate.swift */; };
		44DE1C14281C03FB0054E9A5 /* ViewController.swift in Sources */ = {isa = PBXBuildFile; fileRef = 44DE1C13281C03FB0054E9A5 /* ViewController.swift */; };
		44DE1C17281C03FB0054E9A5 /* Main.storyboard in Resources */ = {isa = PBXBuildFile; fileRef = 44DE1C15281C03FB0054E9A5 /* Main.storyboard */; };
		44DE1C19281C03FC0054E9A5 /* Assets.xcassets in Resources */ = {isa = PBXBuildFile; fileRef = 44DE1C18281C03FC0054E9A5 /* Assets.xcassets */; };
		44DE1C1C281C03FC0054E9A5 /* LaunchScreen.storyboard in Resources */ = {isa = PBXBuildFile; fileRef = 44DE1C1A281C03FC0054E9A5 /* LaunchScreen.storyboard */; };
		44DE1C24281C06D40054E9A5 /* QuizEkraniViewController.swift in Sources */ = {isa = PBXBuildFile; fileRef = 44DE1C23281C06D40054E9A5 /* QuizEkraniViewController.swift */; };
		44DE1C26281C06E20054E9A5 /* SonucEkraniViewController.swift in Sources */ = {isa = PBXBuildFile; fileRef = 44DE1C25281C06E20054E9A5 /* SonucEkraniViewController.swift */; };
		44DE1C29281C0F9E0054E9A5 /* libsqlite3.tbd in Frameworks */ = {isa = PBXBuildFile; fileRef = 44DE1C28281C0F890054E9A5 /* libsqlite3.tbd */; };
		44DE1C36281C0FE90054E9A5 /* FMDatabasePool.m in Sources */ = {isa = PBXBuildFile; fileRef = 44DE1C2C281C0FE90054E9A5 /* FMDatabasePool.m */; };
		44DE1C37281C0FE90054E9A5 /* FMDatabaseQueue.m in Sources */ = {isa = PBXBuildFile; fileRef = 44DE1C2E281C0FE90054E9A5 /* FMDatabaseQueue.m */; };
		44DE1C38281C0FE90054E9A5 /* FMResultSet.m in Sources */ = {isa = PBXBuildFile; fileRef = 44DE1C30281C0FE90054E9A5 /* FMResultSet.m */; };
		44DE1C39281C0FE90054E9A5 /* FMDatabaseAdditions.m in Sources */ = {isa = PBXBuildFile; fileRef = 44DE1C31281C0FE90054E9A5 /* FMDatabaseAdditions.m */; };
		44DE1C3A281C0FE90054E9A5 /* FMDatabase.m in Sources */ = {isa = PBXBuildFile; fileRef = 44DE1C35281C0FE90054E9A5 /* FMDatabase.m */; };
		44DE1C3C281C103D0054E9A5 /* bayrakquiz.sqlite in Resources */ = {isa = PBXBuildFile; fileRef = 44DE1C3B281C103D0054E9A5 /* bayrakquiz.sqlite */; };
		44DE1C3E281C107B0054E9A5 /* Bayraklar.swift in Sources */ = {isa = PBXBuildFile; fileRef = 44DE1C3D281C107B0054E9A5 /* Bayraklar.swift */; };
		44DE1C40281C11300054E9A5 /* Bayraklardao.swift in Sources */ = {isa = PBXBuildFile; fileRef = 44DE1C3F281C11300054E9A5 /* Bayraklardao.swift */; };
		44DE1C42281CC2510054E9A5 /* HatalarVC.swift in Sources */ = {isa = PBXBuildFile; fileRef = 44DE1C41281CC2510054E9A5 /* HatalarVC.swift */; };
		44DE1C46281CC34E0054E9A5 /* hucreCell.swift in Sources */ = {isa = PBXBuildFile; fileRef = 44DE1C45281CC34E0054E9A5 /* hucreCell.swift */; };
/* End PBXBuildFile section */

/* Begin PBXFileReference section */
		44DE1C0C281C03FB0054E9A5 /* bayrakUygulamasi-sql.app */ = {isa = PBXFileReference; explicitFileType = wrapper.application; includeInIndex = 0; path = "bayrakUygulamasi-sql.app"; sourceTree = BUILT_PRODUCTS_DIR; };
		44DE1C0F281C03FB0054E9A5 /* AppDelegate.swift */ = {isa = PBXFileReference; lastKnownFileType = sourcecode.swift; path = AppDelegate.swift; sourceTree = "<group>"; };
		44DE1C11281C03FB0054E9A5 /* SceneDelegate.swift */ = {isa = PBXFileReference; lastKnownFileType = sourcecode.swift; path = SceneDelegate.swift; sourceTree = "<group>"; };
		44DE1C13281C03FB0054E9A5 /* ViewController.swift */ = {isa = PBXFileReference; lastKnownFileType = sourcecode.swift; path = ViewController.swift; sourceTree = "<group>"; };
		44DE1C16281C03FB0054E9A5 /* Base */ = {isa = PBXFileReference; lastKnownFileType = file.storyboard; name = Base; path = Base.lproj/Main.storyboard; sourceTree = "<group>"; };
		44DE1C18281C03FC0054E9A5 /* Assets.xcassets */ = {isa = PBXFileReference; lastKnownFileType = folder.assetcatalog; path = Assets.xcassets; sourceTree = "<group>"; };
		44DE1C1B281C03FC0054E9A5 /* Base */ = {isa = PBXFileReference; lastKnownFileType = file.storyboard; name = Base; path = Base.lproj/LaunchScreen.storyboard; sourceTree = "<group>"; };
		44DE1C1D281C03FC0054E9A5 /* Info.plist */ = {isa = PBXFileReference; lastKnownFileType = text.plist.xml; path = Info.plist; sourceTree = "<group>"; };
		44DE1C23281C06D40054E9A5 /* QuizEkraniViewController.swift */ = {isa = PBXFileReference; lastKnownFileType = sourcecode.swift; path = QuizEkraniViewController.swift; sourceTree = "<group>"; };
		44DE1C25281C06E20054E9A5 /* SonucEkraniViewController.swift */ = {isa = PBXFileReference; lastKnownFileType = sourcecode.swift; path = SonucEkraniViewController.swift; sourceTree = "<group>"; };
		44DE1C28281C0F890054E9A5 /* libsqlite3.tbd */ = {isa = PBXFileReference; lastKnownFileType = "sourcecode.text-based-dylib-definition"; name = libsqlite3.tbd; path = usr/lib/libsqlite3.tbd; sourceTree = SDKROOT; };
		44DE1C2A281C0FE80054E9A5 /* bayrakUygulamasi-sql-Bridging-Header.h */ = {isa = PBXFileReference; lastKnownFileType = sourcecode.c.h; path = "bayrakUygulamasi-sql-Bridging-Header.h"; sourceTree = "<group>"; };
		44DE1C2B281C0FE90054E9A5 /* FMDB.h */ = {isa = PBXFileReference; fileEncoding = 4; lastKnownFileType = sourcecode.c.h; path = FMDB.h; sourceTree = "<group>"; };
		44DE1C2C281C0FE90054E9A5 /* FMDatabasePool.m */ = {isa = PBXFileReference; fileEncoding = 4; lastKnownFileType = sourcecode.c.objc; path = FMDatabasePool.m; sourceTree = "<group>"; };
		44DE1C2D281C0FE90054E9A5 /* FMDatabasePool.h */ = {isa = PBXFileReference; fileEncoding = 4; lastKnownFileType = sourcecode.c.h; path = FMDatabasePool.h; sourceTree = "<group>"; };
		44DE1C2E281C0FE90054E9A5 /* FMDatabaseQueue.m */ = {isa = PBXFileReference; fileEncoding = 4; lastKnownFileType = sourcecode.c.objc; path = FMDatabaseQueue.m; sourceTree = "<group>"; };
		44DE1C2F281C0FE90054E9A5 /* FMResultSet.h */ = {isa = PBXFileReference; fileEncoding = 4; lastKnownFileType = sourcecode.c.h; path = FMResultSet.h; sourceTree = "<group>"; };
		44DE1C30281C0FE90054E9A5 /* FMResultSet.m */ = {isa = PBXFileReference; fileEncoding = 4; lastKnownFileType = sourcecode.c.objc; path = FMResultSet.m; sourceTree = "<group>"; };
		44DE1C31281C0FE90054E9A5 /* FMDatabaseAdditions.m */ = {isa = PBXFileReference; fileEncoding = 4; lastKnownFileType = sourcecode.c.objc; path = FMDatabaseAdditions.m; sourceTree = "<group>"; };
		44DE1C32281C0FE90054E9A5 /* FMDatabaseAdditions.h */ = {isa = PBXFileReference; fileEncoding = 4; lastKnownFileType = sourcecode.c.h; path = FMDatabaseAdditions.h; sourceTree = "<group>"; };
		44DE1C33281C0FE90054E9A5 /* FMDatabase.h */ = {isa = PBXFileReference; fileEncoding = 4; lastKnownFileType = sourcecode.c.h; path = FMDatabase.h; sourceTree = "<group>"; };
		44DE1C34281C0FE90054E9A5 /* FMDatabaseQueue.h */ = {isa = PBXFileReference; fileEncoding = 4; lastKnownFileType = sourcecode.c.h; path = FMDatabaseQueue.h; sourceTree = "<group>"; };
		44DE1C35281C0FE90054E9A5 /* FMDatabase.m */ = {isa = PBXFileReference; fileEncoding = 4; lastKnownFileType = sourcecode.c.objc; path = FMDatabase.m; sourceTree = "<group>"; };
		44DE1C3B281C103D0054E9A5 /* bayrakquiz.sqlite */ = {isa = PBXFileReference; lastKnownFileType = file; path = bayrakquiz.sqlite; sourceTree = "<group>"; };
		44DE1C3D281C107B0054E9A5 /* Bayraklar.swift */ = {isa = PBXFileReference; lastKnownFileType = sourcecode.swift; path = Bayraklar.swift; sourceTree = "<group>"; };
		44DE1C3F281C11300054E9A5 /* Bayraklardao.swift */ = {isa = PBXFileReference; lastKnownFileType = sourcecode.swift; path = Bayraklardao.swift; sourceTree = "<group>"; };
		44DE1C41281CC2510054E9A5 /* HatalarVC.swift */ = {isa = PBXFileReference; lastKnownFileType = sourcecode.swift; path = HatalarVC.swift; sourceTree = "<group>"; };
		44DE1C45281CC34E0054E9A5 /* hucreCell.swift */ = {isa = PBXFileReference; lastKnownFileType = sourcecode.swift; path = hucreCell.swift; sourceTree = "<group>"; };
/* End PBXFileReference section */

/* Begin PBXFrameworksBuildPhase section */
		44DE1C09281C03FB0054E9A5 /* Frameworks */ = {
			isa = PBXFrameworksBuildPhase;
			buildActionMask = 2147483647;
			files = (
				44DE1C29281C0F9E0054E9A5 /* libsqlite3.tbd in Frameworks */,
			);
			runOnlyForDeploymentPostprocessing = 0;
		};
/* End PBXFrameworksBuildPhase section */

/* Begin PBXGroup section */
		44DE1C03281C03FB0054E9A5 = {
			isa = PBXGroup;
			children = (
				44DE1C0E281C03FB0054E9A5 /* bayrakUygulamasi-sql */,
				44DE1C0D281C03FB0054E9A5 /* Products */,
				44DE1C27281C0F880054E9A5 /* Frameworks */,
			);
			sourceTree = "<group>";
		};
		44DE1C0D281C03FB0054E9A5 /* Products */ = {
			isa = PBXGroup;
			children = (
				44DE1C0C281C03FB0054E9A5 /* bayrakUygulamasi-sql.app */,
			);
			name = Products;
			sourceTree = "<group>";
		};
		44DE1C0E281C03FB0054E9A5 /* bayrakUygulamasi-sql */ = {
			isa = PBXGroup;
			children = (
				44DE1C3B281C103D0054E9A5 /* bayrakquiz.sqlite */,
				44DE1C0F281C03FB0054E9A5 /* AppDelegate.swift */,
				44DE1C11281C03FB0054E9A5 /* SceneDelegate.swift */,
				44DE1C13281C03FB0054E9A5 /* ViewController.swift */,
				44DE1C15281C03FB0054E9A5 /* Main.storyboard */,
				44DE1C18281C03FC0054E9A5 /* Assets.xcassets */,
				44DE1C1A281C03FC0054E9A5 /* LaunchScreen.storyboard */,
				44DE1C1D281C03FC0054E9A5 /* Info.plist */,
				44DE1C23281C06D40054E9A5 /* QuizEkraniViewController.swift */,
				44DE1C25281C06E20054E9A5 /* SonucEkraniViewController.swift */,
				44DE1C33281C0FE90054E9A5 /* FMDatabase.h */,
				44DE1C35281C0FE90054E9A5 /* FMDatabase.m */,
				44DE1C32281C0FE90054E9A5 /* FMDatabaseAdditions.h */,
				44DE1C31281C0FE90054E9A5 /* FMDatabaseAdditions.m */,
				44DE1C2D281C0FE90054E9A5 /* FMDatabasePool.h */,
				44DE1C2C281C0FE90054E9A5 /* FMDatabasePool.m */,
				44DE1C34281C0FE90054E9A5 /* FMDatabaseQueue.h */,
				44DE1C2E281C0FE90054E9A5 /* FMDatabaseQueue.m */,
				44DE1C2B281C0FE90054E9A5 /* FMDB.h */,
				44DE1C2F281C0FE90054E9A5 /* FMResultSet.h */,
				44DE1C30281C0FE90054E9A5 /* FMResultSet.m */,
				44DE1C2A281C0FE80054E9A5 /* bayrakUygulamasi-sql-Bridging-Header.h */,
				44DE1C3D281C107B0054E9A5 /* Bayraklar.swift */,
				44DE1C3F281C11300054E9A5 /* Bayraklardao.swift */,
				44DE1C41281CC2510054E9A5 /* HatalarVC.swift */,
				44DE1C45281CC34E0054E9A5 /* hucreCell.swift */,
			);
			path = "bayrakUygulamasi-sql";
			sourceTree = "<group>";
		};
		44DE1C27281C0F880054E9A5 /* Frameworks */ = {
			isa = PBXGroup;
			children = (
				44DE1C28281C0F890054E9A5 /* libsqlite3.tbd */,
			);
			name = Frameworks;
			sourceTree = "<group>";
		};
/* End PBXGroup section */

/* Begin PBXNativeTarget section */
		44DE1C0B281C03FB0054E9A5 /* bayrakUygulamasi-sql */ = {
			isa = PBXNativeTarget;
			buildConfigurationList = 44DE1C20281C03FC0054E9A5 /* Build configuration list for PBXNativeTarget "bayrakUygulamasi-sql" */;
			buildPhases = (
				44DE1C08281C03FB0054E9A5 /* Sources */,
				44DE1C09281C03FB0054E9A5 /* Frameworks */,
				44DE1C0A281C03FB0054E9A5 /* Resources */,
			);
			buildRules = (
			);
			dependencies = (
			);
			name = "bayrakUygulamasi-sql";
			productName = "bayrakUygulamasi-sql";
			productReference = 44DE1C0C281C03FB0054E9A5 /* bayrakUygulamasi-sql.app */;
			productType = "com.apple.product-type.application";
		};
/* End PBXNativeTarget section */

/* Begin PBXProject section */
		44DE1C04281C03FB0054E9A5 /* Project object */ = {
			isa = PBXProject;
			attributes = {
				BuildIndependentTargetsInParallel = 1;
				LastSwiftUpdateCheck = 1320;
				LastUpgradeCheck = 1320;
				TargetAttributes = {
					44DE1C0B281C03FB0054E9A5 = {
						CreatedOnToolsVersion = 13.2.1;
						LastSwiftMigration = 1320;
					};
				};
			};
			buildConfigurationList = 44DE1C07281C03FB0054E9A5 /* Build configuration list for PBXProject "bayrakUygulamasi-sql" */;
			compatibilityVersion = "Xcode 13.0";
			developmentRegion = en;
			hasScannedForEncodings = 0;
			knownRegions = (
				en,
				Base,
			);
			mainGroup = 44DE1C03281C03FB0054E9A5;
			productRefGroup = 44DE1C0D281C03FB0054E9A5 /* Products */;
			projectDirPath = "";
			projectRoot = "";
			targets = (
				44DE1C0B281C03FB0054E9A5 /* bayrakUygulamasi-sql */,
			);
		};
/* End PBXProject section */

/* Begin PBXResourcesBuildPhase section */
		44DE1C0A281C03FB0054E9A5 /* Resources */ = {
			isa = PBXResourcesBuildPhase;
			buildActionMask = 2147483647;
			files = (
				44DE1C3C281C103D0054E9A5 /* bayrakquiz.sqlite in Resources */,
				44DE1C1C281C03FC0054E9A5 /* LaunchScreen.storyboard in Resources */,
				44DE1C19281C03FC0054E9A5 /* Assets.xcassets in Resources */,
				44DE1C17281C03FB0054E9A5 /* Main.storyboard in Resources */,
			);
			runOnlyForDeploymentPostprocessing = 0;
		};
/* End PBXResourcesBuildPhase section */

/* Begin PBXSourcesBuildPhase section */
		44DE1C08281C03FB0054E9A5 /* Sources */ = {
			isa = PBXSourcesBuildPhase;
			buildActionMask = 2147483647;
			files = (
				44DE1C14281C03FB0054E9A5 /* ViewController.swift in Sources */,
				44DE1C36281C0FE90054E9A5 /* FMDatabasePool.m in Sources */,
				44DE1C10281C03FB0054E9A5 /* AppDelegate.swift in Sources */,
				44DE1C3A281C0FE90054E9A5 /* FMDatabase.m in Sources */,
				44DE1C40281C11300054E9A5 /* Bayraklardao.swift in Sources */,
				44DE1C37281C0FE90054E9A5 /* FMDatabaseQueue.m in Sources */,
				44DE1C3E281C107B0054E9A5 /* Bayraklar.swift in Sources */,
				44DE1C12281C03FB0054E9A5 /* SceneDelegate.swift in Sources */,
				44DE1C39281C0FE90054E9A5 /* FMDatabaseAdditions.m in Sources */,
				44DE1C42281CC2510054E9A5 /* HatalarVC.swift in Sources */,
				44DE1C26281C06E20054E9A5 /* SonucEkraniViewController.swift in Sources */,
				44DE1C38281C0FE90054E9A5 /* FMResultSet.m in Sources */,
				44DE1C24281C06D40054E9A5 /* QuizEkraniViewController.swift in Sources */,
				44DE1C46281CC34E0054E9A5 /* hucreCell.swift in Sources */,
			);
			runOnlyForDeploymentPostprocessing = 0;
		};
/* End PBXSourcesBuildPhase section */

/* Begin PBXVariantGroup section */
		44DE1C15281C03FB0054E9A5 /* Main.storyboard */ = {
			isa = PBXVariantGroup;
			children = (
				44DE1C16281C03FB0054E9A5 /* Base */,
			);
			name = Main.storyboard;
			sourceTree = "<group>";
		};
		44DE1C1A281C03FC0054E9A5 /* LaunchScreen.storyboard */ = {
			isa = PBXVariantGroup;
			children = (
				44DE1C1B281C03FC0054E9A5 /* Base */,
			);
			name = LaunchScreen.storyboard;
			sourceTree = "<group>";
		};
/* End PBXVariantGroup section */

/* Begin XCBuildConfiguration section */
		44DE1C1E281C03FC0054E9A5 /* Debug */ = {
			isa = XCBuildConfiguration;
			buildSettings = {
				ALWAYS_SEARCH_USER_PATHS = NO;
				CLANG_ANALYZER_NONNULL = YES;
				CLANG_ANALYZER_NUMBER_OBJECT_CONVERSION = YES_AGGRESSIVE;
				CLANG_CXX_LANGUAGE_STANDARD = "gnu++17";
				CLANG_CXX_LIBRARY = "libc++";
				CLANG_ENABLE_MODULES = YES;
				CLANG_ENABLE_OBJC_ARC = YES;
				CLANG_ENABLE_OBJC_WEAK = YES;
				CLANG_WARN_BLOCK_CAPTURE_AUTORELEASING = YES;
				CLANG_WARN_BOOL_CONVERSION = YES;
				CLANG_WARN_COMMA = YES;
				CLANG_WARN_CONSTANT_CONVERSION = YES;
				CLANG_WARN_DEPRECATED_OBJC_IMPLEMENTATIONS = YES;
				CLANG_WARN_DIRECT_OBJC_ISA_USAGE = YES_ERROR;
				CLANG_WARN_DOCUMENTATION_COMMENTS = YES;
				CLANG_WARN_EMPTY_BODY = YES;
				CLANG_WARN_ENUM_CONVERSION = YES;
				CLANG_WARN_INFINITE_RECURSION = YES;
				CLANG_WARN_INT_CONVERSION = YES;
				CLANG_WARN_NON_LITERAL_NULL_CONVERSION = YES;
				CLANG_WARN_OBJC_IMPLICIT_RETAIN_SELF = YES;
				CLANG_WARN_OBJC_LITERAL_CONVERSION = YES;
				CLANG_WARN_OBJC_ROOT_CLASS = YES_ERROR;
				CLANG_WARN_QUOTED_INCLUDE_IN_FRAMEWORK_HEADER = YES;
				CLANG_WARN_RANGE_LOOP_ANALYSIS = YES;
				CLANG_WARN_STRICT_PROTOTYPES = YES;
				CLANG_WARN_SUSPICIOUS_MOVE = YES;
				CLANG_WARN_UNGUARDED_AVAILABILITY = YES_AGGRESSIVE;
				CLANG_WARN_UNREACHABLE_CODE = YES;
				CLANG_WARN__DUPLICATE_METHOD_MATCH = YES;
				COPY_PHASE_STRIP = NO;
				DEBUG_INFORMATION_FORMAT = dwarf;
				ENABLE_STRICT_OBJC_MSGSEND = YES;
				ENABLE_TESTABILITY = YES;
				GCC_C_LANGUAGE_STANDARD = gnu11;
				GCC_DYNAMIC_NO_PIC = NO;
				GCC_NO_COMMON_BLOCKS = YES;
				GCC_OPTIMIZATION_LEVEL = 0;
				GCC_PREPROCESSOR_DEFINITIONS = (
					"DEBUG=1",
					"$(inherited)",
				);
				GCC_WARN_64_TO_32_BIT_CONVERSION = YES;
				GCC_WARN_ABOUT_RETURN_TYPE = YES_ERROR;
				GCC_WARN_UNDECLARED_SELECTOR = YES;
				GCC_WARN_UNINITIALIZED_AUTOS = YES_AGGRESSIVE;
				GCC_WARN_UNUSED_FUNCTION = YES;
				GCC_WARN_UNUSED_VARIABLE = YES;
				IPHONEOS_DEPLOYMENT_TARGET = 15.2;
				MTL_ENABLE_DEBUG_INFO = INCLUDE_SOURCE;
				MTL_FAST_MATH = YES;
				ONLY_ACTIVE_ARCH = YES;
				SDKROOT = iphoneos;
				SWIFT_ACTIVE_COMPILATION_CONDITIONS = DEBUG;
				SWIFT_OPTIMIZATION_LEVEL = "-Onone";
			};
			name = Debug;
		};
		44DE1C1F281C03FC0054E9A5 /* Release */ = {
			isa = XCBuildConfiguration;
			buildSettings = {
				ALWAYS_SEARCH_USER_PATHS = NO;
				CLANG_ANALYZER_NONNULL = YES;
				CLANG_ANALYZER_NUMBER_OBJECT_CONVERSION = YES_AGGRESSIVE;
				CLANG_CXX_LANGUAGE_STANDARD = "gnu++17";
				CLANG_CXX_LIBRARY = "libc++";
				CLANG_ENABLE_MODULES = YES;
				CLANG_ENABLE_OBJC_ARC = YES;
				CLANG_ENABLE_OBJC_WEAK = YES;
				CLANG_WARN_BLOCK_CAPTURE_AUTORELEASING = YES;
				CLANG_WARN_BOOL_CONVERSION = YES;
				CLANG_WARN_COMMA = YES;
				CLANG_WARN_CONSTANT_CONVERSION = YES;
				CLANG_WARN_DEPRECATED_OBJC_IMPLEMENTATIONS = YES;
				CLANG_WARN_DIRECT_OBJC_ISA_USAGE = YES_ERROR;
				CLANG_WARN_DOCUMENTATION_COMMENTS = YES;
				CLANG_WARN_EMPTY_BODY = YES;
				CLANG_WARN_ENUM_CONVERSION = YES;
				CLANG_WARN_INFINITE_RECURSION = YES;
				CLANG_WARN_INT_CONVERSION = YES;
				CLANG_WARN_NON_LITERAL_NULL_CONVERSION = YES;
				CLANG_WARN_OBJC_IMPLICIT_RETAIN_SELF = YES;
				CLANG_WARN_OBJC_LITERAL_CONVERSION = YES;
				CLANG_WARN_OBJC_ROOT_CLASS = YES_ERROR;
				CLANG_WARN_QUOTED_INCLUDE_IN_FRAMEWORK_HEADER = YES;
				CLANG_WARN_RANGE_LOOP_ANALYSIS = YES;
				CLANG_WARN_STRICT_PROTOTYPES = YES;
				CLANG_WARN_SUSPICIOUS_MOVE = YES;
				CLANG_WARN_UNGUARDED_AVAILABILITY = YES_AGGRESSIVE;
				CLANG_WARN_UNREACHABLE_CODE = YES;
				CLANG_WARN__DUPLICATE_METHOD_MATCH = YES;
				COPY_PHASE_STRIP = NO;
				DEBUG_INFORMATION_FORMAT = "dwarf-with-dsym";
				ENABLE_NS_ASSERTIONS = NO;
				ENABLE_STRICT_OBJC_MSGSEND = YES;
				GCC_C_LANGUAGE_STANDARD = gnu11;
				GCC_NO_COMMON_BLOCKS = YES;
				GCC_WARN_64_TO_32_BIT_CONVERSION = YES;
				GCC_WARN_ABOUT_RETURN_TYPE = YES_ERROR;
				GCC_WARN_UNDECLARED_SELECTOR = YES;
				GCC_WARN_UNINITIALIZED_AUTOS = YES_AGGRESSIVE;
				GCC_WARN_UNUSED_FUNCTION = YES;
				GCC_WARN_UNUSED_VARIABLE = YES;
				IPHONEOS_DEPLOYMENT_TARGET = 15.2;
				MTL_ENABLE_DEBUG_INFO = NO;
				MTL_FAST_MATH = YES;
				SDKROOT = iphoneos;
				SWIFT_COMPILATION_MODE = wholemodule;
				SWIFT_OPTIMIZATION_LEVEL = "-O";
				VALIDATE_PRODUCT = YES;
			};
			name = Release;
		};
		44DE1C21281C03FC0054E9A5 /* Debug */ = {
			isa = XCBuildConfiguration;
			buildSettings = {
				ASSETCATALOG_COMPILER_APPICON_NAME = AppIcon;
				ASSETCATALOG_COMPILER_GLOBAL_ACCENT_COLOR_NAME = AccentColor;
				CLANG_ENABLE_MODULES = YES;
				CODE_SIGN_STYLE = Automatic;
				CURRENT_PROJECT_VERSION = 1;
				DEVELOPMENT_TEAM = W7548MFZWQ;
				GENERATE_INFOPLIST_FILE = YES;
				INFOPLIST_FILE = "bayrakUygulamasi-sql/Info.plist";
				INFOPLIST_KEY_UIApplicationSupportsIndirectInputEvents = YES;
				INFOPLIST_KEY_UILaunchStoryboardName = LaunchScreen;
				INFOPLIST_KEY_UIMainStoryboardFile = Main;
				INFOPLIST_KEY_UISupportedInterfaceOrientations_iPad = "UIInterfaceOrientationPortrait UIInterfaceOrientationPortraitUpsideDown UIInterfaceOrientationLandscapeLeft UIInterfaceOrientationLandscapeRight";
				INFOPLIST_KEY_UISupportedInterfaceOrientations_iPhone = "UIInterfaceOrientationPortrait UIInterfaceOrientationLandscapeLeft UIInterfaceOrientationLandscapeRight";
				LD_RUNPATH_SEARCH_PATHS = (
					"$(inherited)",
					"@executable_path/Frameworks",
				);
				MARKETING_VERSION = 1.0;
				PRODUCT_BUNDLE_IDENTIFIER = "com.ismailackyurek.bayrakUygulamasi-sql";
				PRODUCT_NAME = "$(TARGET_NAME)";
				SWIFT_EMIT_LOC_STRINGS = YES;
				SWIFT_OBJC_BRIDGING_HEADER = "bayrakUygulamasi-sql/bayrakUygulamasi-sql-Bridging-Header.h";
				SWIFT_OPTIMIZATION_LEVEL = "-Onone";
				SWIFT_VERSION = 5.0;
				TARGETED_DEVICE_FAMILY = "1,2";
			};
			name = Debug;
		};
		44DE1C22281C03FC0054E9A5 /* Release */ = {
			isa = XCBuildConfiguration;
			buildSettings = {
				ASSETCATALOG_COMPILER_APPICON_NAME = AppIcon;
				ASSETCATALOG_COMPILER_GLOBAL_ACCENT_COLOR_NAME = AccentColor;
				CLANG_ENABLE_MODULES = YES;
				CODE_SIGN_STYLE = Automatic;
				CURRENT_PROJECT_VERSION = 1;
				DEVELOPMENT_TEAM = W7548MFZWQ;
				GENERATE_INFOPLIST_FILE = YES;
				INFOPLIST_FILE = "bayrakUygulamasi-sql/Info.plist";
				INFOPLIST_KEY_UIApplicationSupportsIndirectInputEvents = YES;
				INFOPLIST_KEY_UILaunchStoryboardName = LaunchScreen;
				INFOPLIST_KEY_UIMainStoryboardFile = Main;
				INFOPLIST_KEY_UISupportedInterfaceOrientations_iPad = "UIInterfaceOrientationPortrait UIInterfaceOrientationPortraitUpsideDown UIInterfaceOrientationLandscapeLeft UIInterfaceOrientationLandscapeRight";
				INFOPLIST_KEY_UISupportedInterfaceOrientations_iPhone = "UIInterfaceOrientationPortrait UIInterfaceOrientationLandscapeLeft UIInterfaceOrientationLandscapeRight";
				LD_RUNPATH_SEARCH_PATHS = (
					"$(inherited)",
					"@executable_path/Frameworks",
				);
				MARKETING_VERSION = 1.0;
				PRODUCT_BUNDLE_IDENTIFIER = "com.ismailackyurek.bayrakUygulamasi-sql";
				PRODUCT_NAME = "$(TARGET_NAME)";
				SWIFT_EMIT_LOC_STRINGS = YES;
				SWIFT_OBJC_BRIDGING_HEADER = "bayrakUygulamasi-sql/bayrakUygulamasi-sql-Bridging-Header.h";
				SWIFT_VERSION = 5.0;
				TARGETED_DEVICE_FAMILY = "1,2";
			};
			name = Release;
		};
/* End XCBuildConfiguration section */

/* Begin XCConfigurationList section */
		44DE1C07281C03FB0054E9A5 /* Build configuration list for PBXProject "bayrakUygulamasi-sql" */ = {
			isa = XCConfigurationList;
			buildConfigurations = (
				44DE1C1E281C03FC0054E9A5 /* Debug */,
				44DE1C1F281C03FC0054E9A5 /* Release */,
			);
			defaultConfigurationIsVisible = 0;
			defaultConfigurationName = Release;
		};
		44DE1C20281C03FC0054E9A5 /* Build configuration list for PBXNativeTarget "bayrakUygulamasi-sql" */ = {
			isa = XCConfigurationList;
			buildConfigurations = (
				44DE1C21281C03FC0054E9A5 /* Debug */,
				44DE1C22281C03FC0054E9A5 /* Release */,
			);
			defaultConfigurationIsVisible = 0;
			defaultConfigurationName = Release;
		};
/* End XCConfigurationList section */
	};
	rootObject = 44DE1C04281C03FB0054E9A5 /* Project object */;
}
